
Microsoft Visual Studio Solution File, Format Version 12.00
# Visual Studio Version 17
VisualStudioVersion = 17.2.32526.322
MinimumVisualStudioVersion = 10.0.40219.1
Project("{9A19103F-16F7-4668-BE54-9A1E7A4F7556}") = "Rookie.Ecom.Customer", "Rookie.Ecom.Customer\Rookie.Ecom.Customer.csproj", "{AA257AF6-2113-49F8-8033-8B4D113EACDB}"
EndProject
Project("{9A19103F-16F7-4668-BE54-9A1E7A4F7556}") = "Rookie.DataAccessor", "Rookie.DataAssessor\Rookie.DataAccessor.csproj", "{D742E3B7-FE17-47B1-ACB2-54C1633B19AF}"
EndProject
Project("{FAE04EC0-301F-11D3-BF4B-00C04F79EFBC}") = "Rookie.Application", "Rookie.Application\Rookie.Application.csproj", "{9EADB8F9-6F48-4590-804A-49A4BFC874A2}"
EndProject
Global
	GlobalSection(SolutionConfigurationPlatforms) = preSolution
		Debug|Any CPU = Debug|Any CPU
		Release|Any CPU = Release|Any CPU
	EndGlobalSection
	GlobalSection(ProjectConfigurationPlatforms) = postSolution
		{AA257AF6-2113-49F8-8033-8B4D113EACDB}.Debug|Any CPU.ActiveCfg = Debug|Any CPU
		{AA257AF6-2113-49F8-8033-8B4D113EACDB}.Debug|Any CPU.Build.0 = Debug|Any CPU
		{AA257AF6-2113-49F8-8033-8B4D113EACDB}.Release|Any CPU.ActiveCfg = Release|Any CPU
		{AA257AF6-2113-49F8-8033-8B4D113EACDB}.Release|Any CPU.Build.0 = Release|Any CPU
		{D742E3B7-FE17-47B1-ACB2-54C1633B19AF}.Debug|Any CPU.ActiveCfg = Debug|Any CPU
		{D742E3B7-FE17-47B1-ACB2-54C1633B19AF}.Debug|Any CPU.Build.0 = Debug|Any CPU
		{D742E3B7-FE17-47B1-ACB2-54C1633B19AF}.Release|Any CPU.ActiveCfg = Release|Any CPU
		{D742E3B7-FE17-47B1-ACB2-54C1633B19AF}.Release|Any CPU.Build.0 = Release|Any CPU
		{9EADB8F9-6F48-4590-804A-49A4BFC874A2}.Debug|Any CPU.ActiveCfg = Debug|Any CPU
		{9EADB8F9-6F48-4590-804A-49A4BFC874A2}.Debug|Any CPU.Build.0 = Debug|Any CPU
		{9EADB8F9-6F48-4590-804A-49A4BFC874A2}.Release|Any CPU.ActiveCfg = Release|Any CPU
		{9EADB8F9-6F48-4590-804A-49A4BFC874A2}.Release|Any CPU.Build.0 = Release|Any CPU
	EndGlobalSection
	GlobalSection(SolutionProperties) = preSolution
		HideSolutionNode = FALSE
	EndGlobalSection
	GlobalSection(ExtensibilityGlobals) = postSolution
		SolutionGuid = {C4705502-E075-487A-AA85-FC59388CB7D5}
	EndGlobalSection
EndGlobal
